
Microsoft Visual Studio Solution File, Format Version 12.00
# Visual Studio Version 16
VisualStudioVersion = 16.0.29509.3
MinimumVisualStudioVersion = 10.0.40219.1
Project("{9A19103F-16F7-4668-BE54-9A1E7A4F7556}") = "TSBuild", "src\TSBuild\TSBuild.csproj", "{D5FC5207-16F8-44FB-ADEF-3C3498E45972}"
EndProject
Project("{F5034706-568F-408A-B7B3-4D38C6DB8A32}") = "build", "build\build.pssproj", "{6CAFC0C6-A428-4D30-A9F9-700E829FEA51}"
EndProject
Project("{9A19103F-16F7-4668-BE54-9A1E7A4F7556}") = "TSBuild.MSTest", "tests\TSBuild.MSTest\TSBuild.MSTest.csproj", "{84A610AF-432A-4682-BB57-E62EC71493F7}"
EndProject
Project("{FAE04EC0-301F-11D3-BF4B-00C04F79EFBC}") = "TSBuild.VSIX", "src\TSBuild.VSIX\TSBuild.VSIX.csproj", "{1D6A88A7-69F3-4B5A-8E30-903F75EE5BA7}"
EndProject
Project("{2150E333-8FDC-42A3-9474-1A3956D46DE8}") = ".misc", ".misc", "{DB2FA3E2-1237-449A-B8EB-227188AB56BF}"
	ProjectSection(SolutionItems) = preProject
		.gitignore = .gitignore
		README.md = README.md
	EndProjectSection
EndProject
Project("{9A19103F-16F7-4668-BE54-9A1E7A4F7556}") = "TSMin.Sample", "tests\TSMin.Sample\TSMin.Sample.csproj", "{EF352AE3-078E-4DB1-A73B-594D88F2FDE2}"
EndProject
Global
	GlobalSection(SolutionConfigurationPlatforms) = preSolution
		Debug|Any CPU = Debug|Any CPU
		Release|Any CPU = Release|Any CPU
	EndGlobalSection
	GlobalSection(ProjectConfigurationPlatforms) = postSolution
		{D5FC5207-16F8-44FB-ADEF-3C3498E45972}.Debug|Any CPU.ActiveCfg = Debug|Any CPU
		{D5FC5207-16F8-44FB-ADEF-3C3498E45972}.Debug|Any CPU.Build.0 = Debug|Any CPU
		{D5FC5207-16F8-44FB-ADEF-3C3498E45972}.Release|Any CPU.ActiveCfg = Release|Any CPU
		{D5FC5207-16F8-44FB-ADEF-3C3498E45972}.Release|Any CPU.Build.0 = Release|Any CPU
		{6CAFC0C6-A428-4D30-A9F9-700E829FEA51}.Debug|Any CPU.ActiveCfg = Debug|Any CPU
		{6CAFC0C6-A428-4D30-A9F9-700E829FEA51}.Debug|Any CPU.Build.0 = Debug|Any CPU
		{6CAFC0C6-A428-4D30-A9F9-700E829FEA51}.Release|Any CPU.ActiveCfg = Release|Any CPU
		{6CAFC0C6-A428-4D30-A9F9-700E829FEA51}.Release|Any CPU.Build.0 = Release|Any CPU
		{84A610AF-432A-4682-BB57-E62EC71493F7}.Debug|Any CPU.ActiveCfg = Debug|Any CPU
		{84A610AF-432A-4682-BB57-E62EC71493F7}.Debug|Any CPU.Build.0 = Debug|Any CPU
		{84A610AF-432A-4682-BB57-E62EC71493F7}.Release|Any CPU.ActiveCfg = Release|Any CPU
		{84A610AF-432A-4682-BB57-E62EC71493F7}.Release|Any CPU.Build.0 = Release|Any CPU
		{1D6A88A7-69F3-4B5A-8E30-903F75EE5BA7}.Debug|Any CPU.ActiveCfg = Debug|Any CPU
		{1D6A88A7-69F3-4B5A-8E30-903F75EE5BA7}.Debug|Any CPU.Build.0 = Debug|Any CPU
		{1D6A88A7-69F3-4B5A-8E30-903F75EE5BA7}.Release|Any CPU.ActiveCfg = Release|Any CPU
		{1D6A88A7-69F3-4B5A-8E30-903F75EE5BA7}.Release|Any CPU.Build.0 = Release|Any CPU
		{EF352AE3-078E-4DB1-A73B-594D88F2FDE2}.Debug|Any CPU.ActiveCfg = Debug|Any CPU
		{EF352AE3-078E-4DB1-A73B-594D88F2FDE2}.Debug|Any CPU.Build.0 = Debug|Any CPU
		{EF352AE3-078E-4DB1-A73B-594D88F2FDE2}.Release|Any CPU.ActiveCfg = Release|Any CPU
		{EF352AE3-078E-4DB1-A73B-594D88F2FDE2}.Release|Any CPU.Build.0 = Release|Any CPU
	EndGlobalSection
	GlobalSection(SolutionProperties) = preSolution
		HideSolutionNode = FALSE
	EndGlobalSection
	GlobalSection(ExtensibilityGlobals) = postSolution
		SolutionGuid = {61A79BF2-11C5-46A1-AEC2-D405A7CEA30E}
	EndGlobalSection
EndGlobal
